#MicroXplorer Configuration settings - do not modify
PD7.Mode=Full_Duplex_Master
VP_TIM5_VS_ClockSourceINT.Mode=Internal
SH.S_TIM1_CH4.0=TIM1_CH4,PWM Generation4 CH4
VP_TIM17_VS_ClockSourceINT.Mode=Enable_Timer
SPI1.VirtualType=VM_MASTER
VP_TIM5_VS_ClockSourceINT.Signal=TIM5_VS_ClockSourceINT
TIM1.IPParameters=Channel-PWM Generation1 CH1,Channel-PWM Generation2 CH2,Channel-PWM Generation3 CH3,Channel-PWM Generation4 CH4
RCC.PLL2_VCI_Range-AdvancedSettings=RCC_PLL2VCIRANGE_0
RCC.PLLFRACN=4096
RCC.RTCFreq_Value=32000
TIM8.Channel-PWM\ Generation4\ CH4=TIM_CHANNEL_4
RCC.CpuClockFreq_Value=100000000
PA15\ (JTDI).Signal=S_TIM2_CH1
SH.S_TIM1_CH1.ConfNb=1
SH.S_TIM4_CH4.ConfNb=1
VP_TIM8_VS_ClockSourceINT.Signal=TIM8_VS_ClockSourceINT
PinOutPanel.RotationAngle=0
TIM3.Channel-PWM\ Generation4\ CH4=TIM_CHANNEL_4
RCC.MCO1PinFreq_Value=64000000
RCC.SYSCLKSource=RCC_SYSCLKSOURCE_PLLCLK
RCC.AHB4Freq_Value=100000000
RCC.SPI123CLockSelection=RCC_SPI123CLKSOURCE_CLKP
RCC.LPTIM1Freq_Value=50000000
NVIC.SVCall_IRQn=true\:0\:0\:false\:false\:true\:false\:false
SH.S_TIM16_CH1.ConfNb=1
SH.S_TIM3_CH2.ConfNb=1
SH.S_TIM14_CH1.0=TIM14_CH1,PWM Generation1 CH1
SPI1.Direction=SPI_DIRECTION_2LINES
RCC.I2C4Freq_Value=100000000
TIM2.IPParameters=Channel-PWM Generation1 CH1,Channel-PWM Generation2 CH2,Channel-PWM Generation3 CH3,Channel-PWM Generation4 CH4
PC7.Signal=S_TIM8_CH2
RCC.DIVQ3Freq_Value=3809523.8095238097
SPI1.CalculateBaudRate=32.0 MBits/s
VP_TIM2_VS_ClockSourceINT.Signal=TIM2_VS_ClockSourceINT
TIM17.IPParameters=Channel
PE5.Signal=S_TIM15_CH1
ProjectManager.ProjectBuild=false
TIM4.Channel-PWM\ Generation3\ CH3=TIM_CHANNEL_3
NVIC.UsageFault_IRQn=true\:0\:0\:false\:false\:true\:false\:false
TIM17.Channel=TIM_CHANNEL_1
RCC.DIVM3=42
RCC.DIVM1=4
ProjectManager.FirmwarePackage=STM32Cube FW_H7 V1.9.0
MxDb.Version=DB.6.0.20
ProjectManager.BackupPrevious=false
RCC.FMCFreq_Value=100000000
SH.S_TIM12_CH1.0=TIM12_CH1,PWM Generation1 CH1
TIM1.Channel-PWM\ Generation1\ CH1=TIM_CHANNEL_1
TIM15.Channel-PWM\ Generation2\ CH2=TIM_CHANNEL_2
PE9.Signal=S_TIM1_CH1
RCC.USART16Freq_Value=50000000
SH.S_TIM4_CH2.0=TIM4_CH2,PWM Generation2 CH2
NVIC.PendSV_IRQn=true\:0\:0\:false\:false\:true\:false\:false
SH.S_TIM5_CH2.ConfNb=1
RCC.DIVR2Freq_Value=129000000
VP_TIM15_VS_ClockSourceINT.Signal=TIM15_VS_ClockSourceINT
ProjectManager.HalAssertFull=false
SH.S_TIM8_CH1.ConfNb=1
VP_TIM1_VS_ClockSourceINT.Mode=Internal
RCC.DIVP2Freq_Value=129000000
PA0.Signal=S_TIM5_CH1
RCC.MCO2PinFreq_Value=100000000
Mcu.Package=LQFP100
PB9.Signal=S_TIM17_CH1
PB1.Signal=S_TIM3_CH4
TIM8.Channel-PWM\ Generation3\ CH3=TIM_CHANNEL_3
SH.S_TIM8_CH4.0=TIM8_CH4,PWM Generation4 CH4
PD12.Signal=S_TIM4_CH1
VP_SYS_VS_Systick.Signal=SYS_VS_Systick
RCC.DFSDMFreq_Value=50000000
SH.S_TIM12_CH2.0=TIM12_CH2,PWM Generation2 CH2
RCC.TraceFreq_Value=64000000
SH.S_TIM4_CH1.0=TIM4_CH1,PWM Generation1 CH1
RCC.APB4Freq_Value=100000000
RCC.CECFreq_Value=32000
RCC.SAI23Freq_Value=100000000
NVIC.BusFault_IRQn=true\:0\:0\:false\:false\:true\:false\:false
RCC.LPUART1Freq_Value=50000000
VP_TIM14_VS_ClockSourceINT.Mode=Enable_Timer
SH.S_TIM2_CH4.ConfNb=1
TIM14.IPParameters=Channel
TIM4.Channel-PWM\ Generation4\ CH4=TIM_CHANNEL_4
PH0-OSC_IN\ (PH0).Mode=HSE-External-Oscillator
PD15.Signal=S_TIM4_CH4
ProjectManager.CustomerFirmwarePackage=
RCC.VCO3OutputFreq_Value=7619047.619047619
TIM15.Channel-PWM\ Generation1\ CH1=TIM_CHANNEL_1
PA5.Mode=Full_Duplex_Master
SH.S_TIM8_CH3.0=TIM8_CH3,PWM Generation3 CH3
VP_CRYP_VS_CRYP.Mode=CRYP_Activate
SH.S_CKIN1DFSDM1.ConfNb=1
SH.S_TIM4_CH1.ConfNb=1
ProjectManager.ProjectFileName=pp.ioc
TIM5.IPParameters=Channel-PWM Generation1 CH1,Channel-PWM Generation2 CH2,Channel-PWM Generation3 CH3,Channel-PWM Generation4 CH4
Mcu.PinsNb=55
RCC.SWPMI1Freq_Value=50000000
PC6.Signal=S_TIM8_CH1
PD7.Signal=SPI1_MOSI
SH.S_TIM16_CH1.0=TIM16_CH1,PWM Generation1 CH1
VP_TIM16_VS_ClockSourceINT.Mode=Enable_Timer
TIM5.Channel-PWM\ Generation3\ CH3=TIM_CHANNEL_3
RCC.QSPIFreq_Value=100000000
VP_TIM17_VS_ClockSourceINT.Signal=TIM17_VS_ClockSourceINT
SH.S_TIM8_CH2.0=TIM8_CH2,PWM Generation2 CH2
RCC.D1CPREFreq_Value=100000000
TIM3.Channel-PWM\ Generation3\ CH3=TIM_CHANNEL_3
RCC.USART234578Freq_Value=50000000
RCC.Tim1OutputFreq_Value=100000000
RCC.SPI123Freq_Value=64000000
TIM4.IPParameters=Channel-PWM Generation1 CH1,Channel-PWM Generation2 CH2,Channel-PWM Generation3 CH3,Channel-PWM Generation4 CH4
Mcu.Pin51=VP_TIM14_VS_ClockSourceINT
Mcu.Pin52=VP_TIM15_VS_ClockSourceINT
Mcu.Pin50=VP_TIM12_VS_ClockSourceINT
Mcu.Pin53=VP_TIM16_VS_ClockSourceINT
Mcu.Pin54=VP_TIM17_VS_ClockSourceINT
RCC.DIVN3=5
VP_TIM1_VS_ClockSourceINT.Signal=TIM1_VS_ClockSourceINT
SH.S_TIM2_CH2.ConfNb=1
TIM1.Channel-PWM\ Generation2\ CH2=TIM_CHANNEL_2
RCC.DIVN1=12
SH.S_TIM5_CH3.ConfNb=1
VP_TIM8_VS_ClockSourceINT.Mode=Internal
Mcu.Pin48=VP_TIM5_VS_ClockSourceINT
Mcu.Pin49=VP_TIM8_VS_ClockSourceINT
Mcu.Pin46=VP_TIM3_VS_ClockSourceINT
Mcu.Pin47=VP_TIM4_VS_ClockSourceINT
PB10.Signal=S_TIM2_CH3
SH.S_TIM8_CH4.ConfNb=1
PB14.Signal=S_TIM12_CH1
PA5.Signal=SPI1_SCK
Mcu.Pin40=VP_CRYP_VS_CRYP
Mcu.Pin41=VP_HASH_VS_HASH
SH.S_TIM8_CH1.0=TIM8_CH1,PWM Generation1 CH1
Mcu.Pin44=VP_TIM1_VS_ClockSourceINT
Mcu.Pin45=VP_TIM2_VS_ClockSourceINT
Mcu.Pin42=VP_RNG_VS_RNG
Mcu.Pin43=VP_SYS_VS_Systick
ProjectManager.LastFirmware=true
SH.S_TIM15_CH2.ConfNb=1
SH.S_TIM15_CH1.ConfNb=1
SH.S_TIM15_CH1.0=TIM15_CH1,PWM Generation1 CH1
SH.S_TIM12_CH1.ConfNb=1
RCC.AHB12Freq_Value=100000000
PE14.Signal=S_TIM1_CH4
TIM14.Channel=TIM_CHANNEL_1
Mcu.Pin37=PB5
Mcu.Pin38=PB8
Mcu.Pin35=PB3 (JTDO/TRACESWO)
Mcu.Pin36=PB4 (NJTRST)
SPI1.Mode=SPI_MODE_MASTER
Mcu.Pin39=PB9
VP_TIM12_VS_ClockSourceINT.Signal=TIM12_VS_ClockSourceINT
RCC.RNGFreq_Value=48000000
Mcu.Pin30=PC9
Mcu.Pin33=PA15 (JTDI)
TIM3.IPParameters=Channel-PWM Generation1 CH1,Channel-PWM Generation2 CH2,Channel-PWM Generation3 CH3,Channel-PWM Generation4 CH4
Mcu.Pin34=PD7
Mcu.Pin31=PA11
Mcu.Pin32=PA12
VP_TIM16_VS_ClockSourceINT.Signal=TIM16_VS_ClockSourceINT
NVIC.NonMaskableInt_IRQn=true\:0\:0\:false\:false\:true\:false\:false
SH.S_TIM2_CH3.ConfNb=1
SH.S_TIM5_CH4.ConfNb=1
ProjectManager.FreePins=false
RCC.LPTIM2Freq_Value=100000000
Mcu.Pin26=PD15
Mcu.Pin27=PC6
Mcu.Pin24=PD13
ProjectManager.UnderRoot=true
Mcu.Pin25=PD14
Mcu.Pin28=PC7
Mcu.Pin29=PC8
TIM5.Channel-PWM\ Generation2\ CH2=TIM_CHANNEL_2
Mcu.Pin22=PB15
PB5.Signal=S_TIM3_CH2
Mcu.Pin23=PD12
UART4.OneBitSampling=UART_ONE_BIT_SAMPLE_ENABLE
Mcu.Pin20=PB11
Mcu.Pin21=PB14
NVIC.ForceEnableDMAVector=true
NVIC.MemoryManagement_IRQn=true\:0\:0\:false\:false\:true\:false\:false
ProjectManager.CompilerOptimize=6
PA11.Signal=UART4_RX
TIM5.Channel-PWM\ Generation1\ CH1=TIM_CHANNEL_1
ProjectManager.HeapSize=0x200
Mcu.Pin15=PE9
NVIC.HardFault_IRQn=true\:0\:0\:false\:false\:true\:false\:false
SH.S_CKIN1DFSDM1.0=DFSDM1_CKIN1,PDM_SPI_input_from_ch1_and_external_clock
Mcu.Pin16=PE11
Mcu.Pin13=PB0
Mcu.Pin14=PB1
Mcu.Pin19=PB10
SH.S_TIM3_CH1.ConfNb=1
RCC.LPTIM345Freq_Value=100000000
ProjectManager.ComputerToolchain=false
Mcu.Pin17=PE13
Mcu.Pin18=PE14
VP_TIM4_VS_ClockSourceINT.Mode=Internal
RCC.LTDCFreq_Value=3809523.8095238097
SH.S_TIM17_CH1.0=TIM17_CH1,Output Compare1 CH1
NVIC.PriorityGroup=NVIC_PRIORITYGROUP_4
Mcu.Pin11=PA6
TIM3.Channel-PWM\ Generation2\ CH2=TIM_CHANNEL_2
Mcu.Pin12=PA7
Mcu.Pin10=PA5
TIM1.Channel-PWM\ Generation3\ CH3=TIM_CHANNEL_3
RCC.HCLK3ClockFreq_Value=100000000
PB0.Signal=S_TIM3_CH3
SH.S_TIM1_CH4.ConfNb=1
TIM12.IPParameters=Channel-PWM Generation1 CH1,Channel-PWM Generation2 CH2
Mcu.Family=STM32H7
RCC.DIVQ2Freq_Value=129000000
ProjectManager.MainLocation=Core/Src
PA6.Mode=Full_Duplex_Master
SH.S_TIM4_CH2.ConfNb=1
RCC.SAI1Freq_Value=100000000
RCC.CortexFreq_Value=100000000
ProjectManager.KeepUserCode=true
Mcu.UserName=STM32H750VBTx
PH0-OSC_IN\ (PH0).Signal=RCC_OSC_IN
TIM12.Channel-PWM\ Generation2\ CH2=TIM_CHANNEL_2
SH.S_TIM17_CH1.ConfNb=1
ProjectManager.functionlistsort=1-MX_GPIO_Init-GPIO-false-HAL-true,2-SystemClock_Config-RCC-false-HAL-false,3-MX_CRYP_Init-CRYP-false-HAL-true,4-MX_DFSDM1_Init-DFSDM1-false-HAL-true,5-MX_HASH_Init-HASH-false-HAL-true,6-MX_RNG_Init-RNG-false-HAL-true,7-MX_SPI1_Init-SPI1-false-HAL-true,8-MX_TIM1_Init-TIM1-false-HAL-true,9-MX_TIM2_Init-TIM2-false-HAL-true,10-MX_TIM3_Init-TIM3-false-HAL-true,11-MX_TIM4_Init-TIM4-false-HAL-true,12-MX_TIM5_Init-TIM5-false-HAL-true,13-MX_TIM8_Init-TIM8-false-HAL-true,14-MX_TIM12_Init-TIM12-false-HAL-true,15-MX_TIM14_Init-TIM14-false-HAL-true,16-MX_TIM15_Init-TIM15-false-HAL-true,17-MX_TIM16_Init-TIM16-false-HAL-true,18-MX_TIM17_Init-TIM17-false-HAL-true,19-MX_UART4_Init-UART4-false-HAL-true
SH.S_TIM5_CH2.0=TIM5_CH2,PWM Generation2 CH2
PA11.Mode=Asynchronous
RCC.VCO2OutputFreq_Value=258000000
SH.S_TIM1_CH3.ConfNb=1
TIM2.Channel-PWM\ Generation2\ CH2=TIM_CHANNEL_2
PB11.Signal=S_TIM2_CH4
PB15.Signal=S_TIM12_CH2
ProjectManager.StackSize=0x400
SH.S_TIM15_CH2.0=TIM15_CH2,PWM Generation2 CH2
RCC.VCOInput3Freq_Value=1523809.5238095238
PD13.Signal=S_TIM4_CH2
Mcu.IP4=NVIC
Mcu.IP5=RCC
Mcu.IP2=DFSDM1
Mcu.IP3=HASH
Mcu.IP0=CORTEX_M7
Mcu.IP1=CRYP
PA12.Signal=UART4_TX
Mcu.UserConstants=
RCC.DIVP3Freq_Value=3809523.8095238097
RCC.SDMMCFreq_Value=100000000
Mcu.ThirdPartyNb=0
TIM1.Channel-PWM\ Generation4\ CH4=TIM_CHANNEL_4
RCC.HCLKFreq_Value=100000000
TIM8.Channel-PWM\ Generation1\ CH1=TIM_CHANNEL_1
Mcu.IPNb=21
ProjectManager.PreviousToolchain=
RCC.SPDIFRXFreq_Value=100000000
SH.S_TIM5_CH3.0=TIM5_CH3,PWM Generation3 CH3
Mcu.Pin6=PA0
Mcu.Pin7=PA1
Mcu.Pin8=PA2
Mcu.Pin9=PA3
PC2_C.Signal=S_CKIN1DFSDM1
Mcu.Pin0=PE5
Mcu.Pin1=PE6
SH.S_DATAIN1DFSDM1.ConfNb=1
TIM3.Channel-PWM\ Generation1\ CH1=TIM_CHANNEL_1
TIM8.IPParameters=Channel-PWM Generation1 CH1,Channel-PWM Generation2 CH2,Channel-PWM Generation3 CH3,Channel-PWM Generation4 CH4
Mcu.Pin2=PH0-OSC_IN (PH0)
RCC.HRTIMFreq_Value=100000000
Mcu.Pin3=PH1-OSC_OUT (PH1)
Mcu.Pin4=PC2_C
Mcu.Pin5=PC3_C
RCC.HSE_VALUE=25000000
RCC.DIVR3Freq_Value=3809523.8095238097
PH1-OSC_OUT\ (PH1).Mode=HSE-External-Oscillator
NVIC.DebugMonitor_IRQn=true\:0\:0\:false\:false\:true\:false\:false
Mcu.IP10=TIM2
NVIC.SysTick_IRQn=true\:0\:0\:false\:false\:true\:false\:true
Mcu.IP12=TIM4
Mcu.IP11=TIM3
Mcu.IP18=TIM16
SH.S_TIM12_CH2.ConfNb=1
Mcu.IP17=TIM15
Mcu.IP19=TIM17
RCC.DIVP1Freq_Value=100000000
Mcu.IP14=TIM8
Mcu.IP13=TIM5
Mcu.IP16=TIM14
RCC.PLL1_VCI_Range-AdvancedSettings=RCC_PLL1VCIRANGE_1
PE13.Signal=S_TIM1_CH3
Mcu.IP15=TIM12
TIM5.Channel-PWM\ Generation4\ CH4=TIM_CHANNEL_4
File.Version=6
SH.S_TIM2_CH1.ConfNb=1
Mcu.IP20=UART4
VP_TIM12_VS_ClockSourceINT.Mode=Internal
TIM2.Channel-PWM\ Generation1\ CH1=TIM_CHANNEL_1
SH.S_TIM3_CH1.0=TIM3_CH1,PWM Generation1 CH1
ProjectManager.ProjectName=pp
SH.S_TIM8_CH3.ConfNb=1
RCC.APB3Freq_Value=50000000
PA6.Signal=SPI1_MISO
RCC.D1PPRE=RCC_APB3_DIV2
ProjectManager.ToolChainLocation=
TIM8.Channel-PWM\ Generation2\ CH2=TIM_CHANNEL_2
RCC.DIVR1Freq_Value=100000000
SH.S_TIM5_CH1.0=TIM5_CH1,PWM Generation1 CH1
SPI1.BaudRatePrescaler=SPI_BAUDRATEPRESCALER_2
SH.S_DATAIN1DFSDM1.0=DFSDM1_DATIN1,PDM_SPI_input_from_ch1_and_external_clock
VP_TIM3_VS_ClockSourceINT.Mode=Internal
RCC.Tim2OutputFreq_Value=100000000
RCC.DFSDMACLkFreq_Value=100000000
PA3.Signal=S_TIM5_CH4
TIM4.Channel-PWM\ Generation1\ CH1=TIM_CHANNEL_1
TIM2.Channel-PWM\ Generation4\ CH4=TIM_CHANNEL_4
SH.S_TIM2_CH1.0=TIM2_CH1,PWM Generation1 CH1
UART4.IPParameters=OneBitSampling
VP_TIM14_VS_ClockSourceINT.Signal=TIM14_VS_ClockSourceINT
ProjectManager.NoMain=false
SPI1.IPParameters=VirtualType,Mode,Direction,CalculateBaudRate,BaudRatePrescaler
SH.S_TIM4_CH4.0=TIM4_CH4,PWM Generation4 CH4
RCC.SAI4BFreq_Value=100000000
PC8.Signal=S_TIM8_CH3
RCC.D2PPRE2=RCC_APB2_DIV2
RCC.D2PPRE1=RCC_APB1_DIV2
ProjectManager.DefaultFWLocation=true
ProjectManager.DeletePrevious=true
VP_RNG_VS_RNG.Mode=RNG_Activate
SH.S_TIM3_CH3.0=TIM3_CH3,PWM Generation3 CH3
TIM16.Channel=TIM_CHANNEL_1
RCC.FamilyName=M
PH1-OSC_OUT\ (PH1).Signal=RCC_OSC_OUT
RCC.SPI6Freq_Value=100000000
SH.S_TIM2_CH2.0=TIM2_CH2,PWM Generation2 CH2
RCC.SPI45Freq_Value=50000000
SH.S_TIM1_CH1.0=TIM1_CH1,PWM Generation1 CH1
PB3\ (JTDO/TRACESWO).Signal=S_TIM2_CH2
VP_TIM4_VS_ClockSourceINT.Signal=TIM4_VS_ClockSourceINT
ProjectManager.TargetToolchain=STM32CubeIDE
RCC.VCO1OutputFreq_Value=200000000
SH.S_TIM3_CH3.ConfNb=1
SH.S_TIM4_CH3.0=TIM4_CH3,PWM Generation3 CH3
VP_RNG_VS_RNG.Signal=RNG_VS_RNG
RCC.AXIClockFreq_Value=100000000
ProjectManager.RegisterCallBack=
RCC.USBFreq_Value=100000000
SH.S_TIM14_CH1.ConfNb=1
VP_TIM3_VS_ClockSourceINT.Signal=TIM3_VS_ClockSourceINT
PE11.Signal=S_TIM1_CH2
TIM15.IPParameters=Channel-PWM Generation1 CH1,Channel-PWM Generation2 CH2
PA1.Signal=S_TIM5_CH2
RCC.CKPERFreq_Value=64000000
SH.S_TIM1_CH2.ConfNb=1
SH.S_TIM4_CH3.ConfNb=1
SH.S_TIM3_CH2.0=TIM3_CH2,PWM Generation2 CH2
board=custom
RCC.VCOInput1Freq_Value=16000000
TIM12.Channel-PWM\ Generation1\ CH1=TIM_CHANNEL_1
TIM4.Channel-PWM\ Generation2\ CH2=TIM_CHANNEL_2
RCC.APB2Freq_Value=50000000
VP_HASH_VS_HASH.Mode=HASH_Activate
MxCube.Version=6.2.0
SH.S_TIM1_CH2.0=TIM1_CH2,PWM Generation2 CH2
VP_TIM2_VS_ClockSourceINT.Mode=Internal
SH.S_TIM2_CH3.0=TIM2_CH3,PWM Generation3 CH3
RCC.FDCANFreq_Value=100000000
VP_CRYP_VS_CRYP.Signal=CRYP_VS_CRYP
RCC.ADCFreq_Value=129000000
VP_SYS_VS_Systick.Mode=SysTick
TIM2.Channel-PWM\ Generation3\ CH3=TIM_CHANNEL_3
SH.S_TIM5_CH4.0=TIM5_CH4,PWM Generation4 CH4
PE6.Signal=S_TIM15_CH2
RCC.IPParameters=ADCFreq_Value,AHB12Freq_Value,AHB4Freq_Value,APB1Freq_Value,APB2Freq_Value,APB3Freq_Value,APB4Freq_Value,AXIClockFreq_Value,CECFreq_Value,CKPERFreq_Value,CortexFreq_Value,CpuClockFreq_Value,D1CPREFreq_Value,D1PPRE,D2PPRE1,D2PPRE2,DFSDMACLkFreq_Value,DFSDMFreq_Value,DIVM1,DIVM3,DIVN1,DIVN3,DIVP1Freq_Value,DIVP2Freq_Value,DIVP3Freq_Value,DIVQ1Freq_Value,DIVQ2Freq_Value,DIVQ3Freq_Value,DIVR1Freq_Value,DIVR2Freq_Value,DIVR3Freq_Value,FDCANFreq_Value,FMCFreq_Value,FamilyName,HCLK3ClockFreq_Value,HCLKFreq_Value,HRTIMFreq_Value,HSE_VALUE,I2C123Freq_Value,I2C4Freq_Value,LPTIM1Freq_Value,LPTIM2Freq_Value,LPTIM345Freq_Value,LPUART1Freq_Value,LTDCFreq_Value,MCO1PinFreq_Value,MCO2PinFreq_Value,PLL1_VCI_Range-AdvancedSettings,PLL2_VCI_Range-AdvancedSettings,PLLFRACN,QSPIFreq_Value,RNGFreq_Value,RTCFreq_Value,SAI1Freq_Value,SAI23Freq_Value,SAI4AFreq_Value,SAI4BFreq_Value,SDMMCFreq_Value,SPDIFRXFreq_Value,SPI123CLockSelection,SPI123Freq_Value,SPI45Freq_Value,SPI6Freq_Value,SWPMI1Freq_Value,SYSCLKFreq_VALUE,SYSCLKSource,Tim1OutputFreq_Value,Tim2OutputFreq_Value,TraceFreq_Value,USART16Freq_Value,USART234578Freq_Value,USBFreq_Value,VCO1OutputFreq_Value,VCO2OutputFreq_Value,VCO3OutputFreq_Value,VCOInput1Freq_Value,VCOInput2Freq_Value,VCOInput3Freq_Value
ProjectManager.AskForMigrate=true
Mcu.Name=STM32H750VBTx
PA2.Signal=S_TIM5_CH3
Mcu.IP8=SYS
Mcu.IP9=TIM1
PD14.Signal=S_TIM4_CH3
Mcu.IP6=RNG
Mcu.IP7=SPI1
ProjectManager.CoupleFile=true
RCC.SYSCLKFreq_VALUE=100000000
RCC.I2C123Freq_Value=50000000
PA12.Mode=Asynchronous
KeepUserPlacement=false
VP_TIM15_VS_ClockSourceINT.Mode=Internal
VP_HASH_VS_HASH.Signal=HASH_VS_HASH
SH.S_TIM2_CH4.0=TIM2_CH4,PWM Generation4 CH4
SH.S_TIM1_CH3.0=TIM1_CH3,PWM Generation3 CH3
SH.S_TIM3_CH4.ConfNb=1
RCC.SAI4AFreq_Value=100000000
PC3_C.Signal=S_DATAIN1DFSDM1
RCC.DIVQ1Freq_Value=100000000
PB8.Signal=S_TIM16_CH1
PC9.Signal=S_TIM8_CH4
TIM16.IPParameters=Channel
RCC.VCOInput2Freq_Value=2000000
RCC.APB1Freq_Value=50000000
ProjectManager.DeviceId=STM32H750VBTx
SH.S_TIM8_CH2.ConfNb=1
ProjectManager.LibraryCopy=1
SH.S_TIM5_CH1.ConfNb=1
SH.S_TIM3_CH4.0=TIM3_CH4,PWM Generation4 CH4
PA7.Signal=S_TIM14_CH1
PB4\ (NJTRST).Signal=S_TIM3_CH1
isbadioc=false
